// !$*UTF8*$!
{
	archiveVersion = 1;
	classes = {
	};
	objectVersion = 46;
	objects = {

/* Begin PBXBuildFile section */
		B21F81651D45C21E008E764C /* AppDelegate.swift in Sources */ = {isa = PBXBuildFile; fileRef = B21F81641D45C21E008E764C /* AppDelegate.swift */; };
		B21F81671D45C21E008E764C /* ViewController.swift in Sources */ = {isa = PBXBuildFile; fileRef = B21F81661D45C21E008E764C /* ViewController.swift */; };
		B21F816A1D45C21E008E764C /* Main.storyboard in Resources */ = {isa = PBXBuildFile; fileRef = B21F81681D45C21E008E764C /* Main.storyboard */; };
		B21F816C1D45C21E008E764C /* Assets.xcassets in Resources */ = {isa = PBXBuildFile; fileRef = B21F816B1D45C21E008E764C /* Assets.xcassets */; };
		B21F816F1D45C21E008E764C /* LaunchScreen.storyboard in Resources */ = {isa = PBXBuildFile; fileRef = B21F816D1D45C21E008E764C /* LaunchScreen.storyboard */; };
		B22128811D52C433002D854F /* SQLite.framework in Frameworks */ = {isa = PBXBuildFile; fileRef = B221286E1D52C400002D854F /* SQLite.framework */; };
		B22128821D52C433002D854F /* SQLite.framework in Embed Frameworks */ = {isa = PBXBuildFile; fileRef = B221286E1D52C400002D854F /* SQLite.framework */; settings = {ATTRIBUTES = (CodeSignOnCopy, RemoveHeadersOnCopy, ); }; };
		B22128891D52C7E2002D854F /* DataStore.swift in Sources */ = {isa = PBXBuildFile; fileRef = B22128881D52C7E2002D854F /* DataStore.swift */; };
		B221288B1D52CBBB002D854F /* ImageRepository.swift in Sources */ = {isa = PBXBuildFile; fileRef = B221288A1D52CBBB002D854F /* ImageRepository.swift */; };
		B221288E1D52CE47002D854F /* DataAccessError.swift in Sources */ = {isa = PBXBuildFile; fileRef = B221288D1D52CE47002D854F /* DataAccessError.swift */; };
		B22128961D556416002D854F /* TagRepository.swift in Sources */ = {isa = PBXBuildFile; fileRef = B22128951D556416002D854F /* TagRepository.swift */; };
		B2320C011D57A56F00EF28AA /* CHTCollectionViewWaterfallLayout.swift in Sources */ = {isa = PBXBuildFile; fileRef = B2320C001D57A56F00EF28AA /* CHTCollectionViewWaterfallLayout.swift */; };
		B2320C041D57AFC800EF28AA /* ImageEntity.swift in Sources */ = {isa = PBXBuildFile; fileRef = B2320C031D57AFC800EF28AA /* ImageEntity.swift */; };
		B2320C061D57B02700EF28AA /* TagEntity.swift in Sources */ = {isa = PBXBuildFile; fileRef = B2320C051D57B02700EF28AA /* TagEntity.swift */; };
		B2320C091D57B36300EF28AA /* StringExtensions.swift in Sources */ = {isa = PBXBuildFile; fileRef = B2320C081D57B36300EF28AA /* StringExtensions.swift */; };
		B2320C131D57F3D000EF28AA /* ImageCache.swift in Sources */ = {isa = PBXBuildFile; fileRef = B2320C121D57F3D000EF28AA /* ImageCache.swift */; };
		B2320C151D57F65900EF28AA /* SequenceTypeExtensions.swift in Sources */ = {isa = PBXBuildFile; fileRef = B2320C141D57F65900EF28AA /* SequenceTypeExtensions.swift */; };
		B2320C171D58053300EF28AA /* Model.swift in Sources */ = {isa = PBXBuildFile; fileRef = B2320C161D58053300EF28AA /* Model.swift */; };
		B2320C1C1D580EF100EF28AA /* ImagePreviewCell.swift in Sources */ = {isa = PBXBuildFile; fileRef = B2320C1A1D580EF100EF28AA /* ImagePreviewCell.swift */; };
		B2320C1F1D5825A700EF28AA /* ImageLoader.swift in Sources */ = {isa = PBXBuildFile; fileRef = B2320C1E1D5825A700EF28AA /* ImageLoader.swift */; };
		B27003241D46E20A00B3D70C /* LeftSideViewController.swift in Sources */ = {isa = PBXBuildFile; fileRef = B27003231D46E20A00B3D70C /* LeftSideViewController.swift */; };
		B270032F1D46E26A00B3D70C /* MMDrawerBarButtonItem.m in Sources */ = {isa = PBXBuildFile; fileRef = B27003271D46E26A00B3D70C /* MMDrawerBarButtonItem.m */; };
		B27003301D46E26A00B3D70C /* MMDrawerController.m in Sources */ = {isa = PBXBuildFile; fileRef = B27003291D46E26A00B3D70C /* MMDrawerController.m */; };
		B27003311D46E26A00B3D70C /* MMDrawerVisualState.m in Sources */ = {isa = PBXBuildFile; fileRef = B270032C1D46E26A00B3D70C /* MMDrawerVisualState.m */; };
		B27003321D46E26A00B3D70C /* UIViewController+MMDrawerController.m in Sources */ = {isa = PBXBuildFile; fileRef = B270032E1D46E26A00B3D70C /* UIViewController+MMDrawerController.m */; };
		B2C5045E1D59947E006EAE04 /* PhotoViewController.swift in Sources */ = {isa = PBXBuildFile; fileRef = B2C5045D1D59947E006EAE04 /* PhotoViewController.swift */; };
/* End PBXBuildFile section */

/* Begin PBXContainerItemProxy section */
		B221286D1D52C400002D854F /* PBXContainerItemProxy */ = {
			isa = PBXContainerItemProxy;
			containerPortal = B22128631D52C3FF002D854F /* SQLite.xcodeproj */;
			proxyType = 2;
			remoteGlobalIDString = EE247AD31C3F04ED00AE3E12;
			remoteInfo = "SQLite iOS";
		};
		B221286F1D52C400002D854F /* PBXContainerItemProxy */ = {
			isa = PBXContainerItemProxy;
			containerPortal = B22128631D52C3FF002D854F /* SQLite.xcodeproj */;
			proxyType = 2;
			remoteGlobalIDString = EE247ADD1C3F04ED00AE3E12;
			remoteInfo = "SQLiteTests iOS";
		};
		B22128711D52C400002D854F /* PBXContainerItemProxy */ = {
			isa = PBXContainerItemProxy;
			containerPortal = B22128631D52C3FF002D854F /* SQLite.xcodeproj */;
			proxyType = 2;
			remoteGlobalIDString = EE247B3C1C3F3ED000AE3E12;
			remoteInfo = "SQLite Mac";
		};
		B22128731D52C400002D854F /* PBXContainerItemProxy */ = {
			isa = PBXContainerItemProxy;
			containerPortal = B22128631D52C3FF002D854F /* SQLite.xcodeproj */;
			proxyType = 2;
			remoteGlobalIDString = EE247B451C3F3ED000AE3E12;
			remoteInfo = "SQLiteTests Mac";
		};
		B22128751D52C400002D854F /* PBXContainerItemProxy */ = {
			isa = PBXContainerItemProxy;
			containerPortal = B22128631D52C3FF002D854F /* SQLite.xcodeproj */;
			proxyType = 2;
			remoteGlobalIDString = 03A65E5A1C6BB0F50062603F;
			remoteInfo = "SQLite tvOS";
		};
		B22128771D52C400002D854F /* PBXContainerItemProxy */ = {
			isa = PBXContainerItemProxy;
			containerPortal = B22128631D52C3FF002D854F /* SQLite.xcodeproj */;
			proxyType = 2;
			remoteGlobalIDString = 03A65E631C6BB0F60062603F;
			remoteInfo = "SQLiteTests tvOS";
		};
		B22128791D52C400002D854F /* PBXContainerItemProxy */ = {
			isa = PBXContainerItemProxy;
			containerPortal = B22128631D52C3FF002D854F /* SQLite.xcodeproj */;
			proxyType = 2;
			remoteGlobalIDString = A121AC451CA35C79005A31D1;
			remoteInfo = "SQLite watchOS";
		};
		B22128831D52C433002D854F /* PBXContainerItemProxy */ = {
			isa = PBXContainerItemProxy;
			containerPortal = B22128631D52C3FF002D854F /* SQLite.xcodeproj */;
			proxyType = 1;
			remoteGlobalIDString = EE247AD21C3F04ED00AE3E12;
			remoteInfo = "SQLite iOS";
		};
/* End PBXContainerItemProxy section */

/* Begin PBXCopyFilesBuildPhase section */
		B22128851D52C433002D854F /* Embed Frameworks */ = {
			isa = PBXCopyFilesBuildPhase;
			buildActionMask = 2147483647;
			dstPath = "";
			dstSubfolderSpec = 10;
			files = (
				B22128821D52C433002D854F /* SQLite.framework in Embed Frameworks */,
			);
			name = "Embed Frameworks";
			runOnlyForDeploymentPostprocessing = 0;
		};
/* End PBXCopyFilesBuildPhase section */

/* Begin PBXFileReference section */
		B21F81611D45C21E008E764C /* ImagePocket.app */ = {isa = PBXFileReference; explicitFileType = wrapper.application; includeInIndex = 0; path = ImagePocket.app; sourceTree = BUILT_PRODUCTS_DIR; };
		B21F81641D45C21E008E764C /* AppDelegate.swift */ = {isa = PBXFileReference; lastKnownFileType = sourcecode.swift; path = AppDelegate.swift; sourceTree = "<group>"; };
		B21F81661D45C21E008E764C /* ViewController.swift */ = {isa = PBXFileReference; lastKnownFileType = sourcecode.swift; path = ViewController.swift; sourceTree = "<group>"; };
		B21F81691D45C21E008E764C /* Base */ = {isa = PBXFileReference; lastKnownFileType = file.storyboard; name = Base; path = Base.lproj/Main.storyboard; sourceTree = "<group>"; };
		B21F816B1D45C21E008E764C /* Assets.xcassets */ = {isa = PBXFileReference; lastKnownFileType = folder.assetcatalog; path = Assets.xcassets; sourceTree = "<group>"; };
		B21F816E1D45C21E008E764C /* Base */ = {isa = PBXFileReference; lastKnownFileType = file.storyboard; name = Base; path = Base.lproj/LaunchScreen.storyboard; sourceTree = "<group>"; };
		B21F81701D45C21E008E764C /* Info.plist */ = {isa = PBXFileReference; lastKnownFileType = text.plist.xml; path = Info.plist; sourceTree = "<group>"; };
		B22128631D52C3FF002D854F /* SQLite.xcodeproj */ = {isa = PBXFileReference; lastKnownFileType = "wrapper.pb-project"; name = SQLite.xcodeproj; path = SQLite.swift/SQLite.xcodeproj; sourceTree = "<group>"; };
		B22128881D52C7E2002D854F /* DataStore.swift */ = {isa = PBXFileReference; fileEncoding = 4; lastKnownFileType = sourcecode.swift; path = DataStore.swift; sourceTree = "<group>"; };
		B221288A1D52CBBB002D854F /* ImageRepository.swift */ = {isa = PBXFileReference; fileEncoding = 4; lastKnownFileType = sourcecode.swift; path = ImageRepository.swift; sourceTree = "<group>"; };
		B221288D1D52CE47002D854F /* DataAccessError.swift */ = {isa = PBXFileReference; fileEncoding = 4; lastKnownFileType = sourcecode.swift; path = DataAccessError.swift; sourceTree = "<group>"; };
		B22128951D556416002D854F /* TagRepository.swift */ = {isa = PBXFileReference; fileEncoding = 4; lastKnownFileType = sourcecode.swift; path = TagRepository.swift; sourceTree = "<group>"; };
		B2320C001D57A56F00EF28AA /* CHTCollectionViewWaterfallLayout.swift */ = {isa = PBXFileReference; fileEncoding = 4; lastKnownFileType = sourcecode.swift; name = CHTCollectionViewWaterfallLayout.swift; path = CHTCollectionViewWaterfallLayout/CHTCollectionViewWaterfallLayout.swift; sourceTree = SOURCE_ROOT; };
		B2320C031D57AFC800EF28AA /* ImageEntity.swift */ = {isa = PBXFileReference; fileEncoding = 4; lastKnownFileType = sourcecode.swift; path = ImageEntity.swift; sourceTree = "<group>"; };
		B2320C051D57B02700EF28AA /* TagEntity.swift */ = {isa = PBXFileReference; fileEncoding = 4; lastKnownFileType = sourcecode.swift; path = TagEntity.swift; sourceTree = "<group>"; };
		B2320C081D57B36300EF28AA /* StringExtensions.swift */ = {isa = PBXFileReference; fileEncoding = 4; lastKnownFileType = sourcecode.swift; path = StringExtensions.swift; sourceTree = "<group>"; };
		B2320C121D57F3D000EF28AA /* ImageCache.swift */ = {isa = PBXFileReference; fileEncoding = 4; lastKnownFileType = sourcecode.swift; path = ImageCache.swift; sourceTree = "<group>"; };
		B2320C141D57F65900EF28AA /* SequenceTypeExtensions.swift */ = {isa = PBXFileReference; fileEncoding = 4; lastKnownFileType = sourcecode.swift; path = SequenceTypeExtensions.swift; sourceTree = "<group>"; };
		B2320C161D58053300EF28AA /* Model.swift */ = {isa = PBXFileReference; fileEncoding = 4; lastKnownFileType = sourcecode.swift; path = Model.swift; sourceTree = "<group>"; };
		B2320C1A1D580EF100EF28AA /* ImagePreviewCell.swift */ = {isa = PBXFileReference; fileEncoding = 4; lastKnownFileType = sourcecode.swift; path = ImagePreviewCell.swift; sourceTree = "<group>"; };
		B2320C1E1D5825A700EF28AA /* ImageLoader.swift */ = {isa = PBXFileReference; fileEncoding = 4; lastKnownFileType = sourcecode.swift; path = ImageLoader.swift; sourceTree = "<group>"; };
		B27003231D46E20A00B3D70C /* LeftSideViewController.swift */ = {isa = PBXFileReference; fileEncoding = 4; lastKnownFileType = sourcecode.swift; path = LeftSideViewController.swift; sourceTree = "<group>"; };
		B27003251D46E26900B3D70C /* ImagePocket-Bridging-Header.h */ = {isa = PBXFileReference; lastKnownFileType = sourcecode.c.h; path = "ImagePocket-Bridging-Header.h"; sourceTree = "<group>"; };
		B27003261D46E26A00B3D70C /* MMDrawerBarButtonItem.h */ = {isa = PBXFileReference; fileEncoding = 4; lastKnownFileType = sourcecode.c.h; path = MMDrawerBarButtonItem.h; sourceTree = "<group>"; };
		B27003271D46E26A00B3D70C /* MMDrawerBarButtonItem.m */ = {isa = PBXFileReference; fileEncoding = 4; lastKnownFileType = sourcecode.c.objc; path = MMDrawerBarButtonItem.m; sourceTree = "<group>"; };
		B27003281D46E26A00B3D70C /* MMDrawerController.h */ = {isa = PBXFileReference; fileEncoding = 4; lastKnownFileType = sourcecode.c.h; path = MMDrawerController.h; sourceTree = "<group>"; };
		B27003291D46E26A00B3D70C /* MMDrawerController.m */ = {isa = PBXFileReference; fileEncoding = 4; lastKnownFileType = sourcecode.c.objc; path = MMDrawerController.m; sourceTree = "<group>"; };
		B270032A1D46E26A00B3D70C /* MMDrawerController+Subclass.h */ = {isa = PBXFileReference; fileEncoding = 4; lastKnownFileType = sourcecode.c.h; path = "MMDrawerController+Subclass.h"; sourceTree = "<group>"; };
		B270032B1D46E26A00B3D70C /* MMDrawerVisualState.h */ = {isa = PBXFileReference; fileEncoding = 4; lastKnownFileType = sourcecode.c.h; path = MMDrawerVisualState.h; sourceTree = "<group>"; };
		B270032C1D46E26A00B3D70C /* MMDrawerVisualState.m */ = {isa = PBXFileReference; fileEncoding = 4; lastKnownFileType = sourcecode.c.objc; path = MMDrawerVisualState.m; sourceTree = "<group>"; };
		B270032D1D46E26A00B3D70C /* UIViewController+MMDrawerController.h */ = {isa = PBXFileReference; fileEncoding = 4; lastKnownFileType = sourcecode.c.h; path = "UIViewController+MMDrawerController.h"; sourceTree = "<group>"; };
		B270032E1D46E26A00B3D70C /* UIViewController+MMDrawerController.m */ = {isa = PBXFileReference; fileEncoding = 4; lastKnownFileType = sourcecode.c.objc; path = "UIViewController+MMDrawerController.m"; sourceTree = "<group>"; };
		B2C5045D1D59947E006EAE04 /* PhotoViewController.swift */ = {isa = PBXFileReference; fileEncoding = 4; lastKnownFileType = sourcecode.swift; path = PhotoViewController.swift; sourceTree = "<group>"; };
/* End PBXFileReference section */

/* Begin PBXFrameworksBuildPhase section */
		B21F815E1D45C21D008E764C /* Frameworks */ = {
			isa = PBXFrameworksBuildPhase;
			buildActionMask = 2147483647;
			files = (
				B22128811D52C433002D854F /* SQLite.framework in Frameworks */,
			);
			runOnlyForDeploymentPostprocessing = 0;
		};
/* End PBXFrameworksBuildPhase section */

/* Begin PBXGroup section */
		B21F81581D45C21D008E764C = {
			isa = PBXGroup;
			children = (
				B2320C071D57B33C00EF28AA /* Core */,
				B21F81631D45C21E008E764C /* ImagePocket */,
				B21F81621D45C21E008E764C /* Products */,
				B22128631D52C3FF002D854F /* SQLite.xcodeproj */,
			);
			sourceTree = "<group>";
		};
		B21F81621D45C21E008E764C /* Products */ = {
			isa = PBXGroup;
			children = (
				B21F81611D45C21E008E764C /* ImagePocket.app */,
			);
			name = Products;
			sourceTree = "<group>";
		};
		B21F81631D45C21E008E764C /* ImagePocket */ = {
			isa = PBXGroup;
			children = (
				B2320C161D58053300EF28AA /* Model.swift */,
				B22128861D52C5A1002D854F /* Domain */,
				B2320BFF1D57A56000EF28AA /* CHTCollectionViewWaterfallLayout */,
				B27003331D46E3A100B3D70C /* ViewControllers */,
				B27003221D46E16E00B3D70C /* SideMenu */,
				B21F81641D45C21E008E764C /* AppDelegate.swift */,
				B21F81681D45C21E008E764C /* Main.storyboard */,
				B21F816B1D45C21E008E764C /* Assets.xcassets */,
				B21F816D1D45C21E008E764C /* LaunchScreen.storyboard */,
				B21F81701D45C21E008E764C /* Info.plist */,
			);
			path = ImagePocket;
			sourceTree = "<group>";
		};
		B22128641D52C3FF002D854F /* Products */ = {
			isa = PBXGroup;
			children = (
				B221286E1D52C400002D854F /* SQLite.framework */,
				B22128701D52C400002D854F /* SQLiteTests iOS.xctest */,
				B22128721D52C400002D854F /* SQLite.framework */,
				B22128741D52C400002D854F /* SQLiteTests Mac.xctest */,
				B22128761D52C400002D854F /* SQLite.framework */,
				B22128781D52C400002D854F /* SQLiteTests tvOS.xctest */,
				B221287A1D52C400002D854F /* SQLite.framework */,
			);
			name = Products;
			sourceTree = "<group>";
		};
		B22128861D52C5A1002D854F /* Domain */ = {
			isa = PBXGroup;
			children = (
				B2320C111D57F3B100EF28AA /* Caches */,
				B2320C021D57AFA900EF28AA /* Entities */,
				B22128871D52C5E7002D854F /* Repositories */,
			);
			name = Domain;
			path = ..;
			sourceTree = "<group>";
		};
		B22128871D52C5E7002D854F /* Repositories */ = {
			isa = PBXGroup;
			children = (
				B22128881D52C7E2002D854F /* DataStore.swift */,
				B221288A1D52CBBB002D854F /* ImageRepository.swift */,
				B221288D1D52CE47002D854F /* DataAccessError.swift */,
				B22128951D556416002D854F /* TagRepository.swift */,
			);
			name = Repositories;
			sourceTree = "<group>";
		};
		B2320BFF1D57A56000EF28AA /* CHTCollectionViewWaterfallLayout */ = {
			isa = PBXGroup;
			children = (
				B2320C001D57A56F00EF28AA /* CHTCollectionViewWaterfallLayout.swift */,
			);
			name = CHTCollectionViewWaterfallLayout;
			sourceTree = "<group>";
		};
		B2320C021D57AFA900EF28AA /* Entities */ = {
			isa = PBXGroup;
			children = (
				B2320C031D57AFC800EF28AA /* ImageEntity.swift */,
				B2320C051D57B02700EF28AA /* TagEntity.swift */,
			);
			name = Entities;
			sourceTree = "<group>";
		};
		B2320C071D57B33C00EF28AA /* Core */ = {
			isa = PBXGroup;
			children = (
				B2320C081D57B36300EF28AA /* StringExtensions.swift */,
				B2320C141D57F65900EF28AA /* SequenceTypeExtensions.swift */,
			);
			name = Core;
			sourceTree = "<group>";
		};
		B2320C0A1D57DBDC00EF28AA /* Cells */ = {
			isa = PBXGroup;
			children = (
				B2320C1A1D580EF100EF28AA /* ImagePreviewCell.swift */,
			);
			name = Cells;
			sourceTree = "<group>";
		};
		B2320C111D57F3B100EF28AA /* Caches */ = {
			isa = PBXGroup;
			children = (
				B2320C121D57F3D000EF28AA /* ImageCache.swift */,
			);
			name = Caches;
			sourceTree = "<group>";
		};
		B27003221D46E16E00B3D70C /* SideMenu */ = {
			isa = PBXGroup;
			children = (
				B27003261D46E26A00B3D70C /* MMDrawerBarButtonItem.h */,
				B27003271D46E26A00B3D70C /* MMDrawerBarButtonItem.m */,
				B27003281D46E26A00B3D70C /* MMDrawerController.h */,
				B27003291D46E26A00B3D70C /* MMDrawerController.m */,
				B270032A1D46E26A00B3D70C /* MMDrawerController+Subclass.h */,
				B270032B1D46E26A00B3D70C /* MMDrawerVisualState.h */,
				B270032C1D46E26A00B3D70C /* MMDrawerVisualState.m */,
				B270032D1D46E26A00B3D70C /* UIViewController+MMDrawerController.h */,
				B270032E1D46E26A00B3D70C /* UIViewController+MMDrawerController.m */,
				B27003251D46E26900B3D70C /* ImagePocket-Bridging-Header.h */,
			);
			name = SideMenu;
			sourceTree = "<group>";
		};
		B27003331D46E3A100B3D70C /* ViewControllers */ = {
			isa = PBXGroup;
			children = (
				B21F81661D45C21E008E764C /* ViewController.swift */,
				B27003231D46E20A00B3D70C /* LeftSideViewController.swift */,
				B2C5045D1D59947E006EAE04 /* PhotoViewController.swift */,
				B2320C0A1D57DBDC00EF28AA /* Cells */,
				B2320C1E1D5825A700EF28AA /* ImageLoader.swift */,
			);
			name = ViewControllers;
			sourceTree = "<group>";
		};
/* End PBXGroup section */

/* Begin PBXNativeTarget section */
		B21F81601D45C21D008E764C /* ImagePocket */ = {
			isa = PBXNativeTarget;
			buildConfigurationList = B21F81731D45C21E008E764C /* Build configuration list for PBXNativeTarget "ImagePocket" */;
			buildPhases = (
				B21F815D1D45C21D008E764C /* Sources */,
				B21F815E1D45C21D008E764C /* Frameworks */,
				B21F815F1D45C21D008E764C /* Resources */,
				B22128851D52C433002D854F /* Embed Frameworks */,
			);
			buildRules = (
			);
			dependencies = (
				B22128841D52C433002D854F /* PBXTargetDependency */,
			);
			name = ImagePocket;
			productName = ImagePocket;
			productReference = B21F81611D45C21E008E764C /* ImagePocket.app */;
			productType = "com.apple.product-type.application";
		};
/* End PBXNativeTarget section */

/* Begin PBXProject section */
		B21F81591D45C21D008E764C /* Project object */ = {
			isa = PBXProject;
			attributes = {
				LastSwiftUpdateCheck = 0730;
				LastUpgradeCheck = 0730;
				ORGANIZATIONNAME = Serjo;
				TargetAttributes = {
					B21F81601D45C21D008E764C = {
						CreatedOnToolsVersion = 7.3.1;
						DevelopmentTeam = NAXXC43K8R;
					};
				};
			};
			buildConfigurationList = B21F815C1D45C21D008E764C /* Build configuration list for PBXProject "ImagePocket" */;
			compatibilityVersion = "Xcode 3.2";
			developmentRegion = English;
			hasScannedForEncodings = 0;
			knownRegions = (
				en,
				Base,
			);
			mainGroup = B21F81581D45C21D008E764C;
			productRefGroup = B21F81621D45C21E008E764C /* Products */;
			projectDirPath = "";
			projectReferences = (
				{
					ProductGroup = B22128641D52C3FF002D854F /* Products */;
					ProjectRef = B22128631D52C3FF002D854F /* SQLite.xcodeproj */;
				},
			);
			projectRoot = "";
			targets = (
				B21F81601D45C21D008E764C /* ImagePocket */,
			);
		};
/* End PBXProject section */

/* Begin PBXReferenceProxy section */
		B221286E1D52C400002D854F /* SQLite.framework */ = {
			isa = PBXReferenceProxy;
			fileType = wrapper.framework;
			path = SQLite.framework;
			remoteRef = B221286D1D52C400002D854F /* PBXContainerItemProxy */;
			sourceTree = BUILT_PRODUCTS_DIR;
		};
		B22128701D52C400002D854F /* SQLiteTests iOS.xctest */ = {
			isa = PBXReferenceProxy;
			fileType = wrapper.cfbundle;
			path = "SQLiteTests iOS.xctest";
			remoteRef = B221286F1D52C400002D854F /* PBXContainerItemProxy */;
			sourceTree = BUILT_PRODUCTS_DIR;
		};
		B22128721D52C400002D854F /* SQLite.framework */ = {
			isa = PBXReferenceProxy;
			fileType = wrapper.framework;
			path = SQLite.framework;
			remoteRef = B22128711D52C400002D854F /* PBXContainerItemProxy */;
			sourceTree = BUILT_PRODUCTS_DIR;
		};
		B22128741D52C400002D854F /* SQLiteTests Mac.xctest */ = {
			isa = PBXReferenceProxy;
			fileType = wrapper.cfbundle;
			path = "SQLiteTests Mac.xctest";
			remoteRef = B22128731D52C400002D854F /* PBXContainerItemProxy */;
			sourceTree = BUILT_PRODUCTS_DIR;
		};
		B22128761D52C400002D854F /* SQLite.framework */ = {
			isa = PBXReferenceProxy;
			fileType = wrapper.framework;
			path = SQLite.framework;
			remoteRef = B22128751D52C400002D854F /* PBXContainerItemProxy */;
			sourceTree = BUILT_PRODUCTS_DIR;
		};
		B22128781D52C400002D854F /* SQLiteTests tvOS.xctest */ = {
			isa = PBXReferenceProxy;
			fileType = wrapper.cfbundle;
			path = "SQLiteTests tvOS.xctest";
			remoteRef = B22128771D52C400002D854F /* PBXContainerItemProxy */;
			sourceTree = BUILT_PRODUCTS_DIR;
		};
		B221287A1D52C400002D854F /* SQLite.framework */ = {
			isa = PBXReferenceProxy;
			fileType = wrapper.framework;
			path = SQLite.framework;
			remoteRef = B22128791D52C400002D854F /* PBXContainerItemProxy */;
			sourceTree = BUILT_PRODUCTS_DIR;
		};
/* End PBXReferenceProxy section */

/* Begin PBXResourcesBuildPhase section */
		B21F815F1D45C21D008E764C /* Resources */ = {
			isa = PBXResourcesBuildPhase;
			buildActionMask = 2147483647;
			files = (
				B21F816F1D45C21E008E764C /* LaunchScreen.storyboard in Resources */,
				B21F816C1D45C21E008E764C /* Assets.xcassets in Resources */,
				B21F816A1D45C21E008E764C /* Main.storyboard in Resources */,
			);
			runOnlyForDeploymentPostprocessing = 0;
		};
/* End PBXResourcesBuildPhase section */

/* Begin PBXSourcesBuildPhase section */
		B21F815D1D45C21D008E764C /* Sources */ = {
			isa = PBXSourcesBuildPhase;
			buildActionMask = 2147483647;
			files = (
				B27003311D46E26A00B3D70C /* MMDrawerVisualState.m in Sources */,
				B22128891D52C7E2002D854F /* DataStore.swift in Sources */,
				B2320C1F1D5825A700EF28AA /* ImageLoader.swift in Sources */,
				B2320C131D57F3D000EF28AA /* ImageCache.swift in Sources */,
				B21F81671D45C21E008E764C /* ViewController.swift in Sources */,
				B27003321D46E26A00B3D70C /* UIViewController+MMDrawerController.m in Sources */,
				B221288E1D52CE47002D854F /* DataAccessError.swift in Sources */,
				B22128961D556416002D854F /* TagRepository.swift in Sources */,
				B27003301D46E26A00B3D70C /* MMDrawerController.m in Sources */,
				B270032F1D46E26A00B3D70C /* MMDrawerBarButtonItem.m in Sources */,
				B2320C151D57F65900EF28AA /* SequenceTypeExtensions.swift in Sources */,
				B2C5045E1D59947E006EAE04 /* PhotoViewController.swift in Sources */,
				B27003241D46E20A00B3D70C /* LeftSideViewController.swift in Sources */,
				B2320C041D57AFC800EF28AA /* ImageEntity.swift in Sources */,
				B2320C1C1D580EF100EF28AA /* ImagePreviewCell.swift in Sources */,
				B221288B1D52CBBB002D854F /* ImageRepository.swift in Sources */,
				B2320C061D57B02700EF28AA /* TagEntity.swift in Sources */,
				B2320C091D57B36300EF28AA /* StringExtensions.swift in Sources */,
				B2320C171D58053300EF28AA /* Model.swift in Sources */,
				B21F81651D45C21E008E764C /* AppDelegate.swift in Sources */,
				B2320C011D57A56F00EF28AA /* CHTCollectionViewWaterfallLayout.swift in Sources */,
			);
			runOnlyForDeploymentPostprocessing = 0;
		};
/* End PBXSourcesBuildPhase section */

/* Begin PBXTargetDependency section */
		B22128841D52C433002D854F /* PBXTargetDependency */ = {
			isa = PBXTargetDependency;
			name = "SQLite iOS";
			targetProxy = B22128831D52C433002D854F /* PBXContainerItemProxy */;
		};
/* End PBXTargetDependency section */

/* Begin PBXVariantGroup section */
		B21F81681D45C21E008E764C /* Main.storyboard */ = {
			isa = PBXVariantGroup;
			children = (
				B21F81691D45C21E008E764C /* Base */,
			);
			name = Main.storyboard;
			sourceTree = "<group>";
		};
		B21F816D1D45C21E008E764C /* LaunchScreen.storyboard */ = {
			isa = PBXVariantGroup;
			children = (
				B21F816E1D45C21E008E764C /* Base */,
			);
			name = LaunchScreen.storyboard;
			sourceTree = "<group>";
		};
/* End PBXVariantGroup section */

/* Begin XCBuildConfiguration section */
		B21F81711D45C21E008E764C /* Debug */ = {
			isa = XCBuildConfiguration;
			buildSettings = {
				ALWAYS_SEARCH_USER_PATHS = NO;
				CLANG_ANALYZER_NONNULL = YES;
				CLANG_CXX_LANGUAGE_STANDARD = "gnu++0x";
				CLANG_CXX_LIBRARY = "libc++";
				CLANG_ENABLE_MODULES = YES;
				CLANG_ENABLE_OBJC_ARC = YES;
				CLANG_WARN_BOOL_CONVERSION = YES;
				CLANG_WARN_CONSTANT_CONVERSION = YES;
				CLANG_WARN_DIRECT_OBJC_ISA_USAGE = YES_ERROR;
				CLANG_WARN_EMPTY_BODY = YES;
				CLANG_WARN_ENUM_CONVERSION = YES;
				CLANG_WARN_INT_CONVERSION = YES;
				CLANG_WARN_OBJC_ROOT_CLASS = YES_ERROR;
				CLANG_WARN_UNREACHABLE_CODE = YES;
				CLANG_WARN__DUPLICATE_METHOD_MATCH = YES;
				"CODE_SIGN_IDENTITY[sdk=iphoneos*]" = "iPhone Developer";
				COPY_PHASE_STRIP = NO;
				DEBUG_INFORMATION_FORMAT = dwarf;
				ENABLE_STRICT_OBJC_MSGSEND = YES;
				ENABLE_TESTABILITY = YES;
				GCC_C_LANGUAGE_STANDARD = gnu99;
				GCC_DYNAMIC_NO_PIC = NO;
				GCC_NO_COMMON_BLOCKS = YES;
				GCC_OPTIMIZATION_LEVEL = 0;
				GCC_PREPROCESSOR_DEFINITIONS = (
					"DEBUG=1",
					"$(inherited)",
				);
				GCC_WARN_64_TO_32_BIT_CONVERSION = YES;
				GCC_WARN_ABOUT_RETURN_TYPE = YES_ERROR;
				GCC_WARN_UNDECLARED_SELECTOR = YES;
				GCC_WARN_UNINITIALIZED_AUTOS = YES_AGGRESSIVE;
				GCC_WARN_UNUSED_FUNCTION = YES;
				GCC_WARN_UNUSED_VARIABLE = YES;
				IPHONEOS_DEPLOYMENT_TARGET = 9.3;
				MTL_ENABLE_DEBUG_INFO = YES;
				ONLY_ACTIVE_ARCH = YES;
				SDKROOT = iphoneos;
				SWIFT_OPTIMIZATION_LEVEL = "-Onone";
				TARGETED_DEVICE_FAMILY = "1,2";
			};
			name = Debug;
		};
		B21F81721D45C21E008E764C /* Release */ = {
			isa = XCBuildConfiguration;
			buildSettings = {
				ALWAYS_SEARCH_USER_PATHS = NO;
				CLANG_ANALYZER_NONNULL = YES;
				CLANG_CXX_LANGUAGE_STANDARD = "gnu++0x";
				CLANG_CXX_LIBRARY = "libc++";
				CLANG_ENABLE_MODULES = YES;
				CLANG_ENABLE_OBJC_ARC = YES;
				CLANG_WARN_BOOL_CONVERSION = YES;
				CLANG_WARN_CONSTANT_CONVERSION = YES;
				CLANG_WARN_DIRECT_OBJC_ISA_USAGE = YES_ERROR;
				CLANG_WARN_EMPTY_BODY = YES;
				CLANG_WARN_ENUM_CONVERSION = YES;
				CLANG_WARN_INT_CONVERSION = YES;
				CLANG_WARN_OBJC_ROOT_CLASS = YES_ERROR;
				CLANG_WARN_UNREACHABLE_CODE = YES;
				CLANG_WARN__DUPLICATE_METHOD_MATCH = YES;
				"CODE_SIGN_IDENTITY[sdk=iphoneos*]" = "iPhone Developer";
				COPY_PHASE_STRIP = NO;
				DEBUG_INFORMATION_FORMAT = "dwarf-with-dsym";
				ENABLE_NS_ASSERTIONS = NO;
				ENABLE_STRICT_OBJC_MSGSEND = YES;
				GCC_C_LANGUAGE_STANDARD = gnu99;
				GCC_NO_COMMON_BLOCKS = YES;
				GCC_WARN_64_TO_32_BIT_CONVERSION = YES;
				GCC_WARN_ABOUT_RETURN_TYPE = YES_ERROR;
				GCC_WARN_UNDECLARED_SELECTOR = YES;
				GCC_WARN_UNINITIALIZED_AUTOS = YES_AGGRESSIVE;
				GCC_WARN_UNUSED_FUNCTION = YES;
				GCC_WARN_UNUSED_VARIABLE = YES;
				IPHONEOS_DEPLOYMENT_TARGET = 9.3;
				MTL_ENABLE_DEBUG_INFO = NO;
				SDKROOT = iphoneos;
				TARGETED_DEVICE_FAMILY = "1,2";
				VALIDATE_PRODUCT = YES;
			};
			name = Release;
		};
		B21F81741D45C21E008E764C /* Debug */ = {
			isa = XCBuildConfiguration;
			buildSettings = {
				ASSETCATALOG_COMPILER_APPICON_NAME = AppIcon;
				CLANG_ENABLE_MODULES = YES;
				CODE_SIGN_IDENTITY = "iPhone Developer";
				EMBEDDED_CONTENT_CONTAINS_SWIFT = YES;
				INFOPLIST_FILE = ImagePocket/Info.plist;
				LD_RUNPATH_SEARCH_PATHS = "$(inherited) @executable_path/Frameworks";
				PRODUCT_BUNDLE_IDENTIFIER = org.nelibur.ImagePocket;
				PRODUCT_NAME = "$(TARGET_NAME)";
				SWIFT_OBJC_BRIDGING_HEADER = "ImagePocket/ImagePocket-Bridging-Header.h";
				SWIFT_OPTIMIZATION_LEVEL = "-Onone";
			};
			name = Debug;
		};
		B21F81751D45C21E008E764C /* Release */ = {
			isa = XCBuildConfiguration;
			buildSettings = {
				ASSETCATALOG_COMPILER_APPICON_NAME = AppIcon;
				CLANG_ENABLE_MODULES = YES;
				CODE_SIGN_IDENTITY = "iPhone Developer";
				EMBEDDED_CONTENT_CONTAINS_SWIFT = YES;
				INFOPLIST_FILE = ImagePocket/Info.plist;
				LD_RUNPATH_SEARCH_PATHS = "$(inherited) @executable_path/Frameworks";
				PRODUCT_BUNDLE_IDENTIFIER = org.nelibur.ImagePocket;
				PRODUCT_NAME = "$(TARGET_NAME)";
				SWIFT_OBJC_BRIDGING_HEADER = "ImagePocket/ImagePocket-Bridging-Header.h";
			};
			name = Release;
		};
/* End XCBuildConfiguration section */

/* Begin XCConfigurationList section */
		B21F815C1D45C21D008E764C /* Build configuration list for PBXProject "ImagePocket" */ = {
			isa = XCConfigurationList;
			buildConfigurations = (
				B21F81711D45C21E008E764C /* Debug */,
				B21F81721D45C21E008E764C /* Release */,
			);
			defaultConfigurationIsVisible = 0;
			defaultConfigurationName = Release;
		};
		B21F81731D45C21E008E764C /* Build configuration list for PBXNativeTarget "ImagePocket" */ = {
			isa = XCConfigurationList;
			buildConfigurations = (
				B21F81741D45C21E008E764C /* Debug */,
				B21F81751D45C21E008E764C /* Release */,
			);
			defaultConfigurationIsVisible = 0;
			defaultConfigurationName = Release;
		};
/* End XCConfigurationList section */
	};
	rootObject = B21F81591D45C21D008E764C /* Project object */;
}
